
Microsoft Visual Studio Solution File, Format Version 12.00
# Visual Studio Version 16
VisualStudioVersion = 16.0.31624.102
MinimumVisualStudioVersion = 10.0.40219.1
Project("{FAE04EC0-301F-11D3-BF4B-00C04F79EFBC}") = "이벤트처리", "이벤트처리.csproj", "{4D5575DA-6534-48D6-AB62-9CEF892F9DFC}"
EndProject
Global
	GlobalSection(SolutionConfigurationPlatforms) = preSolution
		Debug|Any CPU = Debug|Any CPU
		Release|Any CPU = Release|Any CPU
	EndGlobalSection
	GlobalSection(ProjectConfigurationPlatforms) = postSolution
		{4D5575DA-6534-48D6-AB62-9CEF892F9DFC}.Debug|Any CPU.ActiveCfg = Debug|Any CPU
		{4D5575DA-6534-48D6-AB62-9CEF892F9DFC}.Debug|Any CPU.Build.0 = Debug|Any CPU
		{4D5575DA-6534-48D6-AB62-9CEF892F9DFC}.Release|Any CPU.ActiveCfg = Release|Any CPU
		{4D5575DA-6534-48D6-AB62-9CEF892F9DFC}.Release|Any CPU.Build.0 = Release|Any CPU
	EndGlobalSection
	GlobalSection(SolutionProperties) = preSolution
		HideSolutionNode = FALSE
	EndGlobalSection
	GlobalSection(ExtensibilityGlobals) = postSolution
		SolutionGuid = {01D20092-CB65-4700-A460-C61034F2CFB1}
	EndGlobalSection
EndGlobal
