
Microsoft Visual Studio Solution File, Format Version 12.00
# Visual Studio Version 16
VisualStudioVersion = 16.0.31624.102
MinimumVisualStudioVersion = 10.0.40219.1
Project("{FAE04EC0-301F-11D3-BF4B-00C04F79EFBC}") = "삼각형넓이", "삼각형넓이.csproj", "{2E14D1F3-FD07-419F-A7AC-F2A6753B2B98}"
EndProject
Global
	GlobalSection(SolutionConfigurationPlatforms) = preSolution
		Debug|Any CPU = Debug|Any CPU
		Release|Any CPU = Release|Any CPU
	EndGlobalSection
	GlobalSection(ProjectConfigurationPlatforms) = postSolution
		{2E14D1F3-FD07-419F-A7AC-F2A6753B2B98}.Debug|Any CPU.ActiveCfg = Debug|Any CPU
		{2E14D1F3-FD07-419F-A7AC-F2A6753B2B98}.Debug|Any CPU.Build.0 = Debug|Any CPU
		{2E14D1F3-FD07-419F-A7AC-F2A6753B2B98}.Release|Any CPU.ActiveCfg = Release|Any CPU
		{2E14D1F3-FD07-419F-A7AC-F2A6753B2B98}.Release|Any CPU.Build.0 = Release|Any CPU
	EndGlobalSection
	GlobalSection(SolutionProperties) = preSolution
		HideSolutionNode = FALSE
	EndGlobalSection
	GlobalSection(ExtensibilityGlobals) = postSolution
		SolutionGuid = {D6B4AA70-E152-4B3F-94BF-D1BBEF712D78}
	EndGlobalSection
EndGlobal
